%{
  "decimal": {:hex, :decimal, "2.1.1", "5611dca5d4b2c3dd497dec8f68751f1f1a54755e8ed2a966c2633cf885973ad6", [:mix], [], "hexpm", "53cfe5f497ed0e7771ae1a475575603d77425099ba5faef9394932b35020ffcc"},
  "earmark": {:hex, :earmark, "1.3.0", "17f0c38eaafb4800f746b457313af4b2442a8c2405b49c645768680f900be603", [:mix], [], "hexpm", "f8b8820099caf0d5e72ae6482d2b0da96f213cbbe2b5b2191a37966e119eaa27"},
  "ecto": {:hex, :ecto, "3.10.3", "eb2ae2eecd210b4eb8bece1217b297ad4ff824b4384c0e3fdd28aaf96edd6135", [:mix], [{:decimal, "~> 1.6 or ~> 2.0", [hex: :decimal, repo: "hexpm", optional: false]}, {:jason, "~> 1.0", [hex: :jason, repo: "hexpm", optional: true]}, {:telemetry, "~> 0.4 or ~> 1.0", [hex: :telemetry, repo: "hexpm", optional: false]}], "hexpm", "44bec74e2364d491d70f7e42cd0d690922659d329f6465e89feb8a34e8cd3433"},
  "ex_doc": {:hex, :ex_doc, "0.19.1", "519bb9c19526ca51d326c060cb1778d4a9056b190086a8c6c115828eaccea6cf", [:mix], [{:earmark, "~> 1.1", [hex: :earmark, repo: "hexpm", optional: false]}, {:makeup_elixir, "~> 0.7", [hex: :makeup_elixir, repo: "hexpm", optional: false]}], "hexpm", "dc87f778d8260da0189a622f62790f6202af72f2f3dee6e78d91a18dd2fcd137"},
  "file_system": {:hex, :file_system, "0.2.6", "fd4dc3af89b9ab1dc8ccbcc214a0e60c41f34be251d9307920748a14bf41f1d3", [:mix], [], "hexpm", "0d50da6b04c58e101a3793b1600f9a03b86e3a8057b192ac1766013d35706fa6"},
  "html_sanitize_ex": {:hex, :html_sanitize_ex, "1.4.3", "67b3d9fa8691b727317e0cc96b9b3093be00ee45419ffb221cdeee88e75d1360", [:mix], [{:mochiweb, "~> 2.15 or ~> 3.1", [hex: :mochiweb, repo: "hexpm", optional: false]}], "hexpm", "87748d3c4afe949c7c6eb7150c958c2bcba43fc5b2a02686af30e636b74bccb7"},
  "makeup": {:hex, :makeup, "0.5.5", "9e08dfc45280c5684d771ad58159f718a7b5788596099bdfb0284597d368a882", [:mix], [{:nimble_parsec, "~> 0.4", [hex: :nimble_parsec, repo: "hexpm", optional: false]}], "hexpm", "d7152ff93f2eac07905f510dfa03397134345ba4673a00fbf7119bab98632940"},
  "makeup_elixir": {:hex, :makeup_elixir, "0.10.0", "0f09c2ddf352887a956d84f8f7e702111122ca32fbbc84c2f0569b8b65cbf7fa", [:mix], [{:makeup, "~> 0.5.5", [hex: :makeup, repo: "hexpm", optional: false]}], "hexpm", "4a36dd2d0d5c5f98d95b3f410d7071cd661d5af310472229dd0e92161f168a44"},
  "mix_test_watch": {:hex, :mix_test_watch, "0.9.0", "c72132a6071261893518fa08e121e911c9358713f62794a90c95db59042af375", [:mix], [{:file_system, "~> 0.2.1 or ~> 0.3", [hex: :file_system, repo: "hexpm", optional: false]}], "hexpm", "817dec4a7f6edf260258002f99ac8ffaf7a8f395b27bf2d13ec24018beecec8a"},
  "mochiweb": {:hex, :mochiweb, "3.1.2", "d872d470dbba367171a38c41592b19de370854e74c8621bf0c6fe39b17cdd1cf", [:rebar3], [], "hexpm", "a8609035711f9264e8abe54312d1b1645374b9e08986ae06e979bb0ac8b99f9f"},
  "nimble_parsec": {:hex, :nimble_parsec, "0.4.0", "ee261bb53214943679422be70f1658fff573c5d0b0a1ecd0f18738944f818efe", [:mix], [], "hexpm", "ebb595e19456a72786db6dcd370d320350cb624f0b6203fcc7e23161d49b0ffb"},
  "telemetry": {:hex, :telemetry, "1.2.1", "68fdfe8d8f05a8428483a97d7aab2f268aaff24b49e0f599faa091f1d4e7f61c", [:rebar3], [], "hexpm", "dad9ce9d8effc621708f99eac538ef1cbe05d6a874dd741de2e689c47feafed5"},
}
